// !$*UTF8*$!
{
	archiveVersion = 1;
	classes = {
	};
	objectVersion = 50;
	objects = {

/* Begin PBXBuildFile section */
		294897E925E382AC0030C6FF /* AppDelegate.swift in Sources */ = {isa = PBXBuildFile; fileRef = 294897E825E382AC0030C6FF /* AppDelegate.swift */; };
		294897EB25E382AC0030C6FF /* SceneDelegate.swift in Sources */ = {isa = PBXBuildFile; fileRef = 294897EA25E382AC0030C6FF /* SceneDelegate.swift */; };
		294897ED25E382AC0030C6FF /* ViewController.swift in Sources */ = {isa = PBXBuildFile; fileRef = 294897EC25E382AC0030C6FF /* ViewController.swift */; };
		294897F025E382AC0030C6FF /* Main.storyboard in Resources */ = {isa = PBXBuildFile; fileRef = 294897EE25E382AC0030C6FF /* Main.storyboard */; };
		294897F325E382AC0030C6FF /* ItemsExample.xcdatamodeld in Sources */ = {isa = PBXBuildFile; fileRef = 294897F125E382AC0030C6FF /* ItemsExample.xcdatamodeld */; };
		294897F525E382AD0030C6FF /* Assets.xcassets in Resources */ = {isa = PBXBuildFile; fileRef = 294897F425E382AD0030C6FF /* Assets.xcassets */; };
		294897F825E382AD0030C6FF /* LaunchScreen.storyboard in Resources */ = {isa = PBXBuildFile; fileRef = 294897F625E382AD0030C6FF /* LaunchScreen.storyboard */; };
		2948980225E38DE90030C6FF /* MyViewController.swift in Sources */ = {isa = PBXBuildFile; fileRef = 2948980125E38DE90030C6FF /* MyViewController.swift */; };
		2948980525E391870030C6FF /* ObserverProtocol.swift in Sources */ = {isa = PBXBuildFile; fileRef = 2948980425E391870030C6FF /* ObserverProtocol.swift */; };
/* End PBXBuildFile section */

/* Begin PBXFileReference section */
		294897E525E382AC0030C6FF /* ItemsExample.app */ = {isa = PBXFileReference; explicitFileType = wrapper.application; includeInIndex = 0; path = ItemsExample.app; sourceTree = BUILT_PRODUCTS_DIR; };
		294897E825E382AC0030C6FF /* AppDelegate.swift */ = {isa = PBXFileReference; lastKnownFileType = sourcecode.swift; path = AppDelegate.swift; sourceTree = "<group>"; };
		294897EA25E382AC0030C6FF /* SceneDelegate.swift */ = {isa = PBXFileReference; lastKnownFileType = sourcecode.swift; path = SceneDelegate.swift; sourceTree = "<group>"; };
		294897EC25E382AC0030C6FF /* ViewController.swift */ = {isa = PBXFileReference; lastKnownFileType = sourcecode.swift; path = ViewController.swift; sourceTree = "<group>"; };
		294897EF25E382AC0030C6FF /* Base */ = {isa = PBXFileReference; lastKnownFileType = file.storyboard; name = Base; path = Base.lproj/Main.storyboard; sourceTree = "<group>"; };
		294897F225E382AC0030C6FF /* ItemsExample.xcdatamodel */ = {isa = PBXFileReference; lastKnownFileType = wrapper.xcdatamodel; path = ItemsExample.xcdatamodel; sourceTree = "<group>"; };
		294897F425E382AD0030C6FF /* Assets.xcassets */ = {isa = PBXFileReference; lastKnownFileType = folder.assetcatalog; path = Assets.xcassets; sourceTree = "<group>"; };
		294897F725E382AD0030C6FF /* Base */ = {isa = PBXFileReference; lastKnownFileType = file.storyboard; name = Base; path = Base.lproj/LaunchScreen.storyboard; sourceTree = "<group>"; };
		294897F925E382AD0030C6FF /* Info.plist */ = {isa = PBXFileReference; lastKnownFileType = text.plist.xml; path = Info.plist; sourceTree = "<group>"; };
		2948980125E38DE90030C6FF /* MyViewController.swift */ = {isa = PBXFileReference; lastKnownFileType = sourcecode.swift; path = MyViewController.swift; sourceTree = "<group>"; };
		2948980425E391870030C6FF /* ObserverProtocol.swift */ = {isa = PBXFileReference; lastKnownFileType = sourcecode.swift; path = ObserverProtocol.swift; sourceTree = "<group>"; };
/* End PBXFileReference section */

/* Begin PBXFrameworksBuildPhase section */
		294897E225E382AC0030C6FF /* Frameworks */ = {
			isa = PBXFrameworksBuildPhase;
			buildActionMask = 2147483647;
			files = (
			);
			runOnlyForDeploymentPostprocessing = 0;
		};
/* End PBXFrameworksBuildPhase section */

/* Begin PBXGroup section */
		294897DC25E382AB0030C6FF = {
			isa = PBXGroup;
			children = (
				2948980425E391870030C6FF /* ObserverProtocol.swift */,
				2948980125E38DE90030C6FF /* MyViewController.swift */,
				294897E725E382AC0030C6FF /* ItemsExample */,
				294897E625E382AC0030C6FF /* Products */,
			);
			sourceTree = "<group>";
		};
		294897E625E382AC0030C6FF /* Products */ = {
			isa = PBXGroup;
			children = (
				294897E525E382AC0030C6FF /* ItemsExample.app */,
			);
			name = Products;
			sourceTree = "<group>";
		};
		294897E725E382AC0030C6FF /* ItemsExample */ = {
			isa = PBXGroup;
			children = (
				294897E825E382AC0030C6FF /* AppDelegate.swift */,
				294897EA25E382AC0030C6FF /* SceneDelegate.swift */,
				294897EC25E382AC0030C6FF /* ViewController.swift */,
				294897EE25E382AC0030C6FF /* Main.storyboard */,
				294897F425E382AD0030C6FF /* Assets.xcassets */,
				294897F625E382AD0030C6FF /* LaunchScreen.storyboard */,
				294897F925E382AD0030C6FF /* Info.plist */,
				294897F125E382AC0030C6FF /* ItemsExample.xcdatamodeld */,
			);
			path = ItemsExample;
			sourceTree = "<group>";
		};
/* End PBXGroup section */

/* Begin PBXNativeTarget section */
		294897E425E382AC0030C6FF /* ItemsExample */ = {
			isa = PBXNativeTarget;
			buildConfigurationList = 294897FC25E382AD0030C6FF /* Build configuration list for PBXNativeTarget "ItemsExample" */;
			buildPhases = (
				294897E125E382AC0030C6FF /* Sources */,
				294897E225E382AC0030C6FF /* Frameworks */,
				294897E325E382AC0030C6FF /* Resources */,
			);
			buildRules = (
			);
			dependencies = (
			);
			name = ItemsExample;
			productName = ItemsExample;
			productReference = 294897E525E382AC0030C6FF /* ItemsExample.app */;
			productType = "com.apple.product-type.application";
		};
/* End PBXNativeTarget section */

/* Begin PBXProject section */
		294897DD25E382AB0030C6FF /* Project object */ = {
			isa = PBXProject;
			attributes = {
				LastSwiftUpdateCheck = 1240;
				LastUpgradeCheck = 1240;
				TargetAttributes = {
					294897E425E382AC0030C6FF = {
						CreatedOnToolsVersion = 12.4;
					};
				};
			};
			buildConfigurationList = 294897E025E382AB0030C6FF /* Build configuration list for PBXProject "ItemsExample" */;
			compatibilityVersion = "Xcode 9.3";
			developmentRegion = en;
			hasScannedForEncodings = 0;
			knownRegions = (
				en,
				Base,
			);
			mainGroup = 294897DC25E382AB0030C6FF;
			productRefGroup = 294897E625E382AC0030C6FF /* Products */;
			projectDirPath = "";
			projectRoot = "";
			targets = (
				294897E425E382AC0030C6FF /* ItemsExample */,
			);
		};
/* End PBXProject section */

/* Begin PBXResourcesBuildPhase section */
		294897E325E382AC0030C6FF /* Resources */ = {
			isa = PBXResourcesBuildPhase;
			buildActionMask = 2147483647;
			files = (
				294897F825E382AD0030C6FF /* LaunchScreen.storyboard in Resources */,
				294897F525E382AD0030C6FF /* Assets.xcassets in Resources */,
				294897F025E382AC0030C6FF /* Main.storyboard in Resources */,
			);
			runOnlyForDeploymentPostprocessing = 0;
		};
/* End PBXResourcesBuildPhase section */

/* Begin PBXSourcesBuildPhase section */
		294897E125E382AC0030C6FF /* Sources */ = {
			isa = PBXSourcesBuildPhase;
			buildActionMask = 2147483647;
			files = (
				294897ED25E382AC0030C6FF /* ViewController.swift in Sources */,
				294897E925E382AC0030C6FF /* AppDelegate.swift in Sources */,
				294897EB25E382AC0030C6FF /* SceneDelegate.swift in Sources */,
				2948980225E38DE90030C6FF /* MyViewController.swift in Sources */,
				294897F325E382AC0030C6FF /* ItemsExample.xcdatamodeld in Sources */,
				2948980525E391870030C6FF /* ObserverProtocol.swift in Sources */,
			);
			runOnlyForDeploymentPostprocessing = 0;
		};
/* End PBXSourcesBuildPhase section */

/* Begin PBXVariantGroup section */
		294897EE25E382AC0030C6FF /* Main.storyboard */ = {
			isa = PBXVariantGroup;
			children = (
				294897EF25E382AC0030C6FF /* Base */,
			);
			name = Main.storyboard;
			sourceTree = "<group>";
		};
		294897F625E382AD0030C6FF /* LaunchScreen.storyboard */ = {
			isa = PBXVariantGroup;
			children = (
				294897F725E382AD0030C6FF /* Base */,
			);
			name = LaunchScreen.storyboard;
			sourceTree = "<group>";
		};
/* End PBXVariantGroup section */

/* Begin XCBuildConfiguration section */
		294897FA25E382AD0030C6FF /* Debug */ = {
			isa = XCBuildConfiguration;
			buildSettings = {
				ALWAYS_SEARCH_USER_PATHS = NO;
				CLANG_ANALYZER_NONNULL = YES;
				CLANG_ANALYZER_NUMBER_OBJECT_CONVERSION = YES_AGGRESSIVE;
				CLANG_CXX_LANGUAGE_STANDARD = "gnu++14";
				CLANG_CXX_LIBRARY = "libc++";
				CLANG_ENABLE_MODULES = YES;
				CLANG_ENABLE_OBJC_ARC = YES;
				CLANG_ENABLE_OBJC_WEAK = YES;
				CLANG_WARN_BLOCK_CAPTURE_AUTORELEASING = YES;
				CLANG_WARN_BOOL_CONVERSION = YES;
				CLANG_WARN_COMMA = YES;
				CLANG_WARN_CONSTANT_CONVERSION = YES;
				CLANG_WARN_DEPRECATED_OBJC_IMPLEMENTATIONS = YES;
				CLANG_WARN_DIRECT_OBJC_ISA_USAGE = YES_ERROR;
				CLANG_WARN_DOCUMENTATION_COMMENTS = YES;
				CLANG_WARN_EMPTY_BODY = YES;
				CLANG_WARN_ENUM_CONVERSION = YES;
				CLANG_WARN_INFINITE_RECURSION = YES;
				CLANG_WARN_INT_CONVERSION = YES;
				CLANG_WARN_NON_LITERAL_NULL_CONVERSION = YES;
				CLANG_WARN_OBJC_IMPLICIT_RETAIN_SELF = YES;
				CLANG_WARN_OBJC_LITERAL_CONVERSION = YES;
				CLANG_WARN_OBJC_ROOT_CLASS = YES_ERROR;
				CLANG_WARN_QUOTED_INCLUDE_IN_FRAMEWORK_HEADER = YES;
				CLANG_WARN_RANGE_LOOP_ANALYSIS = YES;
				CLANG_WARN_STRICT_PROTOTYPES = YES;
				CLANG_WARN_SUSPICIOUS_MOVE = YES;
				CLANG_WARN_UNGUARDED_AVAILABILITY = YES_AGGRESSIVE;
				CLANG_WARN_UNREACHABLE_CODE = YES;
				CLANG_WARN__DUPLICATE_METHOD_MATCH = YES;
				COPY_PHASE_STRIP = NO;
				DEBUG_INFORMATION_FORMAT = dwarf;
				ENABLE_STRICT_OBJC_MSGSEND = YES;
				ENABLE_TESTABILITY = YES;
				GCC_C_LANGUAGE_STANDARD = gnu11;
				GCC_DYNAMIC_NO_PIC = NO;
				GCC_NO_COMMON_BLOCKS = YES;
				GCC_OPTIMIZATION_LEVEL = 0;
				GCC_PREPROCESSOR_DEFINITIONS = (
					"DEBUG=1",
					"$(inherited)",
				);
				GCC_WARN_64_TO_32_BIT_CONVERSION = YES;
				GCC_WARN_ABOUT_RETURN_TYPE = YES_ERROR;
				GCC_WARN_UNDECLARED_SELECTOR = YES;
				GCC_WARN_UNINITIALIZED_AUTOS = YES_AGGRESSIVE;
				GCC_WARN_UNUSED_FUNCTION = YES;
				GCC_WARN_UNUSED_VARIABLE = YES;
				IPHONEOS_DEPLOYMENT_TARGET = 14.4;
				MTL_ENABLE_DEBUG_INFO = INCLUDE_SOURCE;
				MTL_FAST_MATH = YES;
				ONLY_ACTIVE_ARCH = YES;
				SDKROOT = iphoneos;
				SWIFT_ACTIVE_COMPILATION_CONDITIONS = DEBUG;
				SWIFT_OPTIMIZATION_LEVEL = "-Onone";
			};
			name = Debug;
		};
		294897FB25E382AD0030C6FF /* Release */ = {
			isa = XCBuildConfiguration;
			buildSettings = {
				ALWAYS_SEARCH_USER_PATHS = NO;
				CLANG_ANALYZER_NONNULL = YES;
				CLANG_ANALYZER_NUMBER_OBJECT_CONVERSION = YES_AGGRESSIVE;
				CLANG_CXX_LANGUAGE_STANDARD = "gnu++14";
				CLANG_CXX_LIBRARY = "libc++";
				CLANG_ENABLE_MODULES = YES;
				CLANG_ENABLE_OBJC_ARC = YES;
				CLANG_ENABLE_OBJC_WEAK = YES;
				CLANG_WARN_BLOCK_CAPTURE_AUTORELEASING = YES;
				CLANG_WARN_BOOL_CONVERSION = YES;
				CLANG_WARN_COMMA = YES;
				CLANG_WARN_CONSTANT_CONVERSION = YES;
				CLANG_WARN_DEPRECATED_OBJC_IMPLEMENTATIONS = YES;
				CLANG_WARN_DIRECT_OBJC_ISA_USAGE = YES_ERROR;
				CLANG_WARN_DOCUMENTATION_COMMENTS = YES;
				CLANG_WARN_EMPTY_BODY = YES;
				CLANG_WARN_ENUM_CONVERSION = YES;
				CLANG_WARN_INFINITE_RECURSION = YES;
				CLANG_WARN_INT_CONVERSION = YES;
				CLANG_WARN_NON_LITERAL_NULL_CONVERSION = YES;
				CLANG_WARN_OBJC_IMPLICIT_RETAIN_SELF = YES;
				CLANG_WARN_OBJC_LITERAL_CONVERSION = YES;
				CLANG_WARN_OBJC_ROOT_CLASS = YES_ERROR;
				CLANG_WARN_QUOTED_INCLUDE_IN_FRAMEWORK_HEADER = YES;
				CLANG_WARN_RANGE_LOOP_ANALYSIS = YES;
				CLANG_WARN_STRICT_PROTOTYPES = YES;
				CLANG_WARN_SUSPICIOUS_MOVE = YES;
				CLANG_WARN_UNGUARDED_AVAILABILITY = YES_AGGRESSIVE;
				CLANG_WARN_UNREACHABLE_CODE = YES;
				CLANG_WARN__DUPLICATE_METHOD_MATCH = YES;
				COPY_PHASE_STRIP = NO;
				DEBUG_INFORMATION_FORMAT = "dwarf-with-dsym";
				ENABLE_NS_ASSERTIONS = NO;
				ENABLE_STRICT_OBJC_MSGSEND = YES;
				GCC_C_LANGUAGE_STANDARD = gnu11;
				GCC_NO_COMMON_BLOCKS = YES;
				GCC_WARN_64_TO_32_BIT_CONVERSION = YES;
				GCC_WARN_ABOUT_RETURN_TYPE = YES_ERROR;
				GCC_WARN_UNDECLARED_SELECTOR = YES;
				GCC_WARN_UNINITIALIZED_AUTOS = YES_AGGRESSIVE;
				GCC_WARN_UNUSED_FUNCTION = YES;
				GCC_WARN_UNUSED_VARIABLE = YES;
				IPHONEOS_DEPLOYMENT_TARGET = 14.4;
				MTL_ENABLE_DEBUG_INFO = NO;
				MTL_FAST_MATH = YES;
				SDKROOT = iphoneos;
				SWIFT_COMPILATION_MODE = wholemodule;
				SWIFT_OPTIMIZATION_LEVEL = "-O";
				VALIDATE_PRODUCT = YES;
			};
			name = Release;
		};
		294897FD25E382AD0030C6FF /* Debug */ = {
			isa = XCBuildConfiguration;
			buildSettings = {
				ASSETCATALOG_COMPILER_APPICON_NAME = AppIcon;
				ASSETCATALOG_COMPILER_GLOBAL_ACCENT_COLOR_NAME = AccentColor;
				CODE_SIGN_STYLE = Automatic;
				DEVELOPMENT_TEAM = 5R5SV66Z48;
				INFOPLIST_FILE = ItemsExample/Info.plist;
				IPHONEOS_DEPLOYMENT_TARGET = 14.3;
				LD_RUNPATH_SEARCH_PATHS = (
					"$(inherited)",
					"@executable_path/Frameworks",
				);
				PRODUCT_BUNDLE_IDENTIFIER = com.vgtstptlk.ItemsExample;
				PRODUCT_NAME = "$(TARGET_NAME)";
				SWIFT_VERSION = 5.0;
				TARGETED_DEVICE_FAMILY = "1,2";
			};
			name = Debug;
		};
		294897FE25E382AD0030C6FF /* Release */ = {
			isa = XCBuildConfiguration;
			buildSettings = {
				ASSETCATALOG_COMPILER_APPICON_NAME = AppIcon;
				ASSETCATALOG_COMPILER_GLOBAL_ACCENT_COLOR_NAME = AccentColor;
				CODE_SIGN_STYLE = Automatic;
				DEVELOPMENT_TEAM = 5R5SV66Z48;
				INFOPLIST_FILE = ItemsExample/Info.plist;
				IPHONEOS_DEPLOYMENT_TARGET = 14.3;
				LD_RUNPATH_SEARCH_PATHS = (
					"$(inherited)",
					"@executable_path/Frameworks",
				);
				PRODUCT_BUNDLE_IDENTIFIER = com.vgtstptlk.ItemsExample;
				PRODUCT_NAME = "$(TARGET_NAME)";
				SWIFT_VERSION = 5.0;
				TARGETED_DEVICE_FAMILY = "1,2";
			};
			name = Release;
		};
/* End XCBuildConfiguration section */

/* Begin XCConfigurationList section */
		294897E025E382AB0030C6FF /* Build configuration list for PBXProject "ItemsExample" */ = {
			isa = XCConfigurationList;
			buildConfigurations = (
				294897FA25E382AD0030C6FF /* Debug */,
				294897FB25E382AD0030C6FF /* Release */,
			);
			defaultConfigurationIsVisible = 0;
			defaultConfigurationName = Release;
		};
		294897FC25E382AD0030C6FF /* Build configuration list for PBXNativeTarget "ItemsExample" */ = {
			isa = XCConfigurationList;
			buildConfigurations = (
				294897FD25E382AD0030C6FF /* Debug */,
				294897FE25E382AD0030C6FF /* Release */,
			);
			defaultConfigurationIsVisible = 0;
			defaultConfigurationName = Release;
		};
/* End XCConfigurationList section */

/* Begin XCVersionGroup section */
		294897F125E382AC0030C6FF /* ItemsExample.xcdatamodeld */ = {
			isa = XCVersionGroup;
			children = (
				294897F225E382AC0030C6FF /* ItemsExample.xcdatamodel */,
			);
			currentVersion = 294897F225E382AC0030C6FF /* ItemsExample.xcdatamodel */;
			path = ItemsExample.xcdatamodeld;
			sourceTree = "<group>";
			versionGroupType = wrapper.xcdatamodel;
		};
/* End XCVersionGroup section */
	};
	rootObject = 294897DD25E382AB0030C6FF /* Project object */;
}
